# This file is autogenerated, do not edit; changes may be undone by the next 'dep ensure'.


[[projects]]
  digest = "1:d500496d898be3381278b5b323442f1060d7fead0d2159e126ff6a60da6f8ab0"
  name = "github.com/antchfx/htmlquery"
  packages = ["."]
  pruneopts = "UT"
  revision = "b8d36292614567671decfe6f96c7b8c432d3249b"
  version = "v1.0.0"

[[projects]]
  branch = "master"
  digest = "1:7e4a9eaa42cb3b4cd48bd0cd2072a029fe25a47af20cfac529ea8c365f8559ac"
  name = "github.com/antchfx/xpath"
  packages = ["."]
  pruneopts = "UT"
  revision = "c8489ed3251e7d55ec2b7f18a2bc3a9a7222f0af"

[[projects]]
  branch = "master"
  digest = "1:0a9ed3bf14a3a04dd93e54ed3c1e5ab7220d97d33f47644caaee4dc3936f4758"
  name = "github.com/benbjohnson/phantomjs"
  packages = ["."]
  pruneopts = "UT"
  revision = "6499a20f5cd6e4264994b4d95e49b6f21aafef79"

[[projects]]
  digest = "1:b46f55d2ffcdf21ab724174893701bd60142296837ac60c1f6128b40d7e7b0de"
  name = "github.com/bmaupin/go-epub"
  packages = ["."]
  pruneopts = "UT"
  revision = "f15a3ab1ad2aa85e05a87ca7a1647f7c2067afaf"
  version = "v0.5.0"

[[projects]]
  digest = "1:4d2e5a73dc1500038e504a8d78b986630e3626dc027bc030ba5c75da257cdb96"
  name = "github.com/go-yaml/yaml"
  packages = ["."]
  pruneopts = "UT"
  revision = "51d6538a90f86fe93ac480b35f37b2be17fef232"
  version = "v2.2.2"

[[projects]]
  digest = "1:bed9d72d596f94e65fff37f4d6c01398074a6bb1c3f3ceff963516bd01db6ff5"
  name = "github.com/gofrs/uuid"
  packages = ["."]
  pruneopts = "UT"
  revision = "6b08a5c5172ba18946672b49749cde22873dd7c2"
  version = "v3.2.0"

[[projects]]
  digest = "1:0356f3312c9bd1cbeda81505b7fd437501d8e778ab66998ef69f00d7f9b3a0d7"
  name = "github.com/mattn/go-runewidth"
  packages = ["."]
  pruneopts = "UT"
  revision = "3ee7d812e62a0804a7d0a324e0249ca2db3476d3"
  version = "v0.0.4"

[[projects]]
  digest = "1:b24d38b282bacf9791408a080f606370efa3d364e4b5fd9ba0f7b87786d3b679"
  name = "github.com/urfave/cli"
  packages = ["."]
  pruneopts = "UT"
  revision = "cfb38830724cc34fedffe9a2a29fb54fa9169cd1"
  version = "v1.20.0"

[[projects]]
  branch = "master"
  digest = "1:03a8ff54c1a62710fe21a08ad9ccd554ac90232c4fd34c2731f65dd47e1f2077"
  name = "golang.org/x/net"
  packages = [
    "html",
    "html/atom",
    "html/charset",
  ]
  pruneopts = "UT"
  revision = "3a22650c66bd7f4fb6d1e8072ffd7b75c8a27898"

[[projects]]
  branch = "master"
  digest = "1:8207c052fb873f83c61a5aa16f6add5feb9881eda2112b56f69fd3b9e7f55c3f"
  name = "golang.org/x/sys"
  packages = ["unix"]
  pruneopts = "UT"
  revision = "b4e8571b14e03cc164df06f72b640ebce3899579"

[[projects]]
  digest = "1:aa4d6967a3237f8367b6bf91503964a77183ecf696f1273e8ad3551bb4412b5f"
  name = "golang.org/x/text"
  packages = [
    "encoding",
    "encoding/charmap",
    "encoding/htmlindex",
    "encoding/internal",
    "encoding/internal/identifier",
    "encoding/japanese",
    "encoding/korean",
    "encoding/simplifiedchinese",
    "encoding/traditionalchinese",
    "encoding/unicode",
    "internal/gen",
    "internal/tag",
    "internal/utf8internal",
    "language",
    "runes",
    "transform",
    "unicode/cldr",
  ]
  pruneopts = "UT"
  revision = "f21a4dfb5e38f5895301dc265a8def02365cc3d0"
  version = "v0.3.0"

[[projects]]
  digest = "1:94cad6e2359d57da6652e689189c5b6ef19f99db6304d2c41de54f6632e15143"
  name = "gopkg.in/cheggaaa/pb.v1"
  packages = ["."]
  pruneopts = "UT"
  revision = "1cc5bbe20449079337944d56292c7383510c534c"
  version = "v1.0.27"

[solve-meta]
  analyzer-name = "dep"
  analyzer-version = 1
  input-imports = [
    "github.com/antchfx/htmlquery",
    "github.com/benbjohnson/phantomjs",
    "github.com/bmaupin/go-epub",
    "github.com/go-yaml/yaml",
    "github.com/urfave/cli",
    "golang.org/x/text/encoding/simplifiedchinese",
    "golang.org/x/text/transform",
    "gopkg.in/cheggaaa/pb.v1",
  ]
  solver-name = "gps-cdcl"
  solver-version = 1
